// !$*UTF8*$!
{
	archiveVersion = 1;
	classes = {
	};
	objectVersion = 77;
	objects = {

/* Begin PBXBuildFile section */
		236FE00D2F0D957D003CED2A /* WidgetKit.framework in Frameworks */ = {isa = PBXBuildFile; fileRef = 23E23AA22F03DB5D00547DDE /* WidgetKit.framework */; };
		236FE00E2F0D957D003CED2A /* SwiftUI.framework in Frameworks */ = {isa = PBXBuildFile; fileRef = 23E23AA42F03DB5D00547DDE /* SwiftUI.framework */; };
		236FE0192F0D957E003CED2A /* WeeklyIntentionWidgetExtension.appex in Embed Foundation Extensions */ = {isa = PBXBuildFile; fileRef = 236FE00C2F0D957D003CED2A /* WeeklyIntentionWidgetExtension.appex */; settings = {ATTRIBUTES = (RemoveHeadersOnCopy, ); }; };
		236FE0202F0D95D4003CED2A /* WidgetSharedStore.swift in Sources */ = {isa = PBXBuildFile; fileRef = 236FE01F2F0D95CE003CED2A /* WidgetSharedStore.swift */; };
		236FE0212F0D95EA003CED2A /* WidgetSharedStore.swift in Sources */ = {isa = PBXBuildFile; fileRef = 236FE01F2F0D95CE003CED2A /* WidgetSharedStore.swift */; };
		23CC22D82F64690D00C3AA73 /* WeeklyIntentionWatchApp.app in Embed Watch Content */ = {isa = PBXBuildFile; fileRef = 23CC22CE2F64690B00C3AA73 /* WeeklyIntentionWatchApp.app */; platformFilter = ios; settings = {ATTRIBUTES = (RemoveHeadersOnCopy, ); }; };
		23CC22E22F64698200C3AA73 /* WidgetKit.framework in Frameworks */ = {isa = PBXBuildFile; fileRef = 23E23AA22F03DB5D00547DDE /* WidgetKit.framework */; };
		23CC22E32F64698200C3AA73 /* SwiftUI.framework in Frameworks */ = {isa = PBXBuildFile; fileRef = 23E23AA42F03DB5D00547DDE /* SwiftUI.framework */; };
		23CC22EE2F64698300C3AA73 /* WeeklyIntentionWatchWidgetExtension.appex in Embed Foundation Extensions */ = {isa = PBXBuildFile; fileRef = 23CC22E12F64698200C3AA73 /* WeeklyIntentionWatchWidgetExtension.appex */; settings = {ATTRIBUTES = (RemoveHeadersOnCopy, ); }; };
/* End PBXBuildFile section */

/* Begin PBXContainerItemProxy section */
		236FE0172F0D957E003CED2A /* PBXContainerItemProxy */ = {
			isa = PBXContainerItemProxy;
			containerPortal = 2364B9582EFD8C7900C3F912 /* Project object */;
			proxyType = 1;
			remoteGlobalIDString = 236FE00B2F0D957D003CED2A;
			remoteInfo = WeeklyIntentionWidgetExtension;
		};
		23CC22D62F64690D00C3AA73 /* PBXContainerItemProxy */ = {
			isa = PBXContainerItemProxy;
			containerPortal = 2364B9582EFD8C7900C3F912 /* Project object */;
			proxyType = 1;
			remoteGlobalIDString = 23CC22CD2F64690B00C3AA73;
			remoteInfo = "WeeklyIntentionWatch Watch App";
		};
		23CC22EC2F64698300C3AA73 /* PBXContainerItemProxy */ = {
			isa = PBXContainerItemProxy;
			containerPortal = 2364B9582EFD8C7900C3F912 /* Project object */;
			proxyType = 1;
			remoteGlobalIDString = 23CC22E02F64698200C3AA73;
			remoteInfo = WeeklyIntentionWatchWidgetExtension;
		};
/* End PBXContainerItemProxy section */

/* Begin PBXCopyFilesBuildPhase section */
		23CC22DC2F64690D00C3AA73 /* Embed Watch Content */ = {
			isa = PBXCopyFilesBuildPhase;
			buildActionMask = 2147483647;
			dstPath = "$(CONTENTS_FOLDER_PATH)/Watch";
			dstSubfolderSpec = 16;
			files = (
				23CC22D82F64690D00C3AA73 /* WeeklyIntentionWatchApp.app in Embed Watch Content */,
			);
			name = "Embed Watch Content";
			runOnlyForDeploymentPostprocessing = 0;
		};
		23CC22F32F64698300C3AA73 /* Embed Foundation Extensions */ = {
			isa = PBXCopyFilesBuildPhase;
			buildActionMask = 2147483647;
			dstPath = "";
			dstSubfolderSpec = 13;
			files = (
				23CC22EE2F64698300C3AA73 /* WeeklyIntentionWatchWidgetExtension.appex in Embed Foundation Extensions */,
			);
			name = "Embed Foundation Extensions";
			runOnlyForDeploymentPostprocessing = 0;
		};
		23E23AB12F03DB5E00547DDE /* Embed Foundation Extensions */ = {
			isa = PBXCopyFilesBuildPhase;
			buildActionMask = 2147483647;
			dstPath = "";
			dstSubfolderSpec = 13;
			files = (
				236FE0192F0D957E003CED2A /* WeeklyIntentionWidgetExtension.appex in Embed Foundation Extensions */,
			);
			name = "Embed Foundation Extensions";
			runOnlyForDeploymentPostprocessing = 0;
		};
/* End PBXCopyFilesBuildPhase section */

/* Begin PBXFileReference section */
		2364B9602EFD8C7900C3F912 /* Weekly Intention.app */ = {isa = PBXFileReference; explicitFileType = wrapper.application; includeInIndex = 0; path = "Weekly Intention.app"; sourceTree = BUILT_PRODUCTS_DIR; };
		236FE00C2F0D957D003CED2A /* WeeklyIntentionWidgetExtension.appex */ = {isa = PBXFileReference; explicitFileType = "wrapper.app-extension"; includeInIndex = 0; path = WeeklyIntentionWidgetExtension.appex; sourceTree = BUILT_PRODUCTS_DIR; };
		236FE01E2F0D959E003CED2A /* WeeklyIntentionWidgetExtension.entitlements */ = {isa = PBXFileReference; lastKnownFileType = text.plist.entitlements; path = WeeklyIntentionWidgetExtension.entitlements; sourceTree = "<group>"; };
		236FE01F2F0D95CE003CED2A /* WidgetSharedStore.swift */ = {isa = PBXFileReference; lastKnownFileType = sourcecode.swift; path = WidgetSharedStore.swift; sourceTree = "<group>"; };
		23C87D572F03EFF2004DDDC5 /* WeeklyIntention.entitlements */ = {isa = PBXFileReference; lastKnownFileType = text.plist.entitlements; path = WeeklyIntention.entitlements; sourceTree = "<group>"; };
		23CC22CE2F64690B00C3AA73 /* WeeklyIntentionWatchApp.app */ = {isa = PBXFileReference; explicitFileType = wrapper.application; includeInIndex = 0; path = WeeklyIntentionWatchApp.app; sourceTree = BUILT_PRODUCTS_DIR; };
		23CC22E12F64698200C3AA73 /* WeeklyIntentionWatchWidgetExtension.appex */ = {isa = PBXFileReference; explicitFileType = "wrapper.app-extension"; includeInIndex = 0; path = WeeklyIntentionWatchWidgetExtension.appex; sourceTree = BUILT_PRODUCTS_DIR; };
		23CC22F42F646AA300C3AA73 /* WeeklyIntentionWatchWidgetExtension.entitlements */ = {isa = PBXFileReference; lastKnownFileType = text.plist.entitlements; path = WeeklyIntentionWatchWidgetExtension.entitlements; sourceTree = "<group>"; };
		23E23AA22F03DB5D00547DDE /* WidgetKit.framework */ = {isa = PBXFileReference; lastKnownFileType = wrapper.framework; name = WidgetKit.framework; path = /System/Library/Frameworks/WidgetKit.framework; sourceTree = "<absolute>"; };
		23E23AA42F03DB5D00547DDE /* SwiftUI.framework */ = {isa = PBXFileReference; lastKnownFileType = wrapper.framework; name = SwiftUI.framework; path = /System/Library/Frameworks/SwiftUI.framework; sourceTree = "<absolute>"; };
/* End PBXFileReference section */

/* Begin PBXFileSystemSynchronizedBuildFileExceptionSet section */
		236FE01C2F0D957E003CED2A /* Exceptions for "WeeklyIntentionWidget" folder in "WeeklyIntentionWidgetExtension" target */ = {
			isa = PBXFileSystemSynchronizedBuildFileExceptionSet;
			membershipExceptions = (
				Info.plist,
			);
			target = 236FE00B2F0D957D003CED2A /* WeeklyIntentionWidgetExtension */;
		};
		23CC22EF2F64698300C3AA73 /* Exceptions for "WeeklyIntentionWatchWidget" folder in "WeeklyIntentionWatchWidgetExtension" target */ = {
			isa = PBXFileSystemSynchronizedBuildFileExceptionSet;
			membershipExceptions = (
				Info.plist,
			);
			target = 23CC22E02F64698200C3AA73 /* WeeklyIntentionWatchWidgetExtension */;
		};
/* End PBXFileSystemSynchronizedBuildFileExceptionSet section */

/* Begin PBXFileSystemSynchronizedRootGroup section */
		2364B9622EFD8C7900C3F912 /* Weekly Intention */ = {
			isa = PBXFileSystemSynchronizedRootGroup;
			path = "Weekly Intention";
			sourceTree = "<group>";
		};
		236FE00F2F0D957D003CED2A /* WeeklyIntentionWidget */ = {
			isa = PBXFileSystemSynchronizedRootGroup;
			exceptions = (
				236FE01C2F0D957E003CED2A /* Exceptions for "WeeklyIntentionWidget" folder in "WeeklyIntentionWidgetExtension" target */,
			);
			path = WeeklyIntentionWidget;
			sourceTree = "<group>";
		};
		23CC22CF2F64690B00C3AA73 /* WeeklyIntentionWatchApp */ = {
			isa = PBXFileSystemSynchronizedRootGroup;
			path = WeeklyIntentionWatchApp;
			sourceTree = "<group>";
		};
		23CC22E42F64698200C3AA73 /* WeeklyIntentionWatchWidget */ = {
			isa = PBXFileSystemSynchronizedRootGroup;
			exceptions = (
				23CC22EF2F64698300C3AA73 /* Exceptions for "WeeklyIntentionWatchWidget" folder in "WeeklyIntentionWatchWidgetExtension" target */,
			);
			path = WeeklyIntentionWatchWidget;
			sourceTree = "<group>";
		};
/* End PBXFileSystemSynchronizedRootGroup section */

/* Begin PBXFrameworksBuildPhase section */
		2364B95D2EFD8C7900C3F912 /* Frameworks */ = {
			isa = PBXFrameworksBuildPhase;
			buildActionMask = 2147483647;
			files = (
			);
			runOnlyForDeploymentPostprocessing = 0;
		};
		236FE0092F0D957D003CED2A /* Frameworks */ = {
			isa = PBXFrameworksBuildPhase;
			buildActionMask = 2147483647;
			files = (
				236FE00E2F0D957D003CED2A /* SwiftUI.framework in Frameworks */,
				236FE00D2F0D957D003CED2A /* WidgetKit.framework in Frameworks */,
			);
			runOnlyForDeploymentPostprocessing = 0;
		};
		23CC22CB2F64690B00C3AA73 /* Frameworks */ = {
			isa = PBXFrameworksBuildPhase;
			buildActionMask = 2147483647;
			files = (
			);
			runOnlyForDeploymentPostprocessing = 0;
		};
		23CC22DE2F64698200C3AA73 /* Frameworks */ = {
			isa = PBXFrameworksBuildPhase;
			buildActionMask = 2147483647;
			files = (
				23CC22E32F64698200C3AA73 /* SwiftUI.framework in Frameworks */,
				23CC22E22F64698200C3AA73 /* WidgetKit.framework in Frameworks */,
			);
			runOnlyForDeploymentPostprocessing = 0;
		};
/* End PBXFrameworksBuildPhase section */

/* Begin PBXGroup section */
		2364B9572EFD8C7900C3F912 = {
			isa = PBXGroup;
			children = (
				23CC22F42F646AA300C3AA73 /* WeeklyIntentionWatchWidgetExtension.entitlements */,
				236FE01F2F0D95CE003CED2A /* WidgetSharedStore.swift */,
				236FE01E2F0D959E003CED2A /* WeeklyIntentionWidgetExtension.entitlements */,
				23C87D572F03EFF2004DDDC5 /* WeeklyIntention.entitlements */,
				2364B9622EFD8C7900C3F912 /* Weekly Intention */,
				236FE00F2F0D957D003CED2A /* WeeklyIntentionWidget */,
				23CC22CF2F64690B00C3AA73 /* WeeklyIntentionWatchApp */,
				23CC22E42F64698200C3AA73 /* WeeklyIntentionWatchWidget */,
				23E23AA12F03DB5D00547DDE /* Frameworks */,
				2364B9612EFD8C7900C3F912 /* Products */,
			);
			sourceTree = "<group>";
		};
		2364B9612EFD8C7900C3F912 /* Products */ = {
			isa = PBXGroup;
			children = (
				2364B9602EFD8C7900C3F912 /* Weekly Intention.app */,
				236FE00C2F0D957D003CED2A /* WeeklyIntentionWidgetExtension.appex */,
				23CC22CE2F64690B00C3AA73 /* WeeklyIntentionWatchApp.app */,
				23CC22E12F64698200C3AA73 /* WeeklyIntentionWatchWidgetExtension.appex */,
			);
			name = Products;
			sourceTree = "<group>";
		};
		23E23AA12F03DB5D00547DDE /* Frameworks */ = {
			isa = PBXGroup;
			children = (
				23E23AA22F03DB5D00547DDE /* WidgetKit.framework */,
				23E23AA42F03DB5D00547DDE /* SwiftUI.framework */,
			);
			name = Frameworks;
			sourceTree = "<group>";
		};
/* End PBXGroup section */

/* Begin PBXNativeTarget section */
		2364B95F2EFD8C7900C3F912 /* Weekly Intention */ = {
			isa = PBXNativeTarget;
			buildConfigurationList = 2364B96B2EFD8C7B00C3F912 /* Build configuration list for PBXNativeTarget "Weekly Intention" */;
			buildPhases = (
				2364B95C2EFD8C7900C3F912 /* Sources */,
				2364B95D2EFD8C7900C3F912 /* Frameworks */,
				2364B95E2EFD8C7900C3F912 /* Resources */,
				23E23AB12F03DB5E00547DDE /* Embed Foundation Extensions */,
				23CC22DC2F64690D00C3AA73 /* Embed Watch Content */,
			);
			buildRules = (
			);
			dependencies = (
				236FE0182F0D957E003CED2A /* PBXTargetDependency */,
				23CC22D72F64690D00C3AA73 /* PBXTargetDependency */,
			);
			fileSystemSynchronizedGroups = (
				2364B9622EFD8C7900C3F912 /* Weekly Intention */,
			);
			name = "Weekly Intention";
			packageProductDependencies = (
			);
			productName = "Weekly Intention";
			productReference = 2364B9602EFD8C7900C3F912 /* Weekly Intention.app */;
			productType = "com.apple.product-type.application";
		};
		236FE00B2F0D957D003CED2A /* WeeklyIntentionWidgetExtension */ = {
			isa = PBXNativeTarget;
			buildConfigurationList = 236FE01D2F0D957E003CED2A /* Build configuration list for PBXNativeTarget "WeeklyIntentionWidgetExtension" */;
			buildPhases = (
				236FE0082F0D957D003CED2A /* Sources */,
				236FE0092F0D957D003CED2A /* Frameworks */,
				236FE00A2F0D957D003CED2A /* Resources */,
			);
			buildRules = (
			);
			dependencies = (
			);
			fileSystemSynchronizedGroups = (
				236FE00F2F0D957D003CED2A /* WeeklyIntentionWidget */,
			);
			name = WeeklyIntentionWidgetExtension;
			packageProductDependencies = (
			);
			productName = WeeklyIntentionWidgetExtension;
			productReference = 236FE00C2F0D957D003CED2A /* WeeklyIntentionWidgetExtension.appex */;
			productType = "com.apple.product-type.app-extension";
		};
		23CC22CD2F64690B00C3AA73 /* WeeklyIntentionWatchApp */ = {
			isa = PBXNativeTarget;
			buildConfigurationList = 23CC22D92F64690D00C3AA73 /* Build configuration list for PBXNativeTarget "WeeklyIntentionWatchApp" */;
			buildPhases = (
				23CC22CA2F64690B00C3AA73 /* Sources */,
				23CC22CB2F64690B00C3AA73 /* Frameworks */,
				23CC22CC2F64690B00C3AA73 /* Resources */,
				23CC22F32F64698300C3AA73 /* Embed Foundation Extensions */,
			);
			buildRules = (
			);
			dependencies = (
				23CC22ED2F64698300C3AA73 /* PBXTargetDependency */,
			);
			fileSystemSynchronizedGroups = (
				23CC22CF2F64690B00C3AA73 /* WeeklyIntentionWatchApp */,
			);
			name = WeeklyIntentionWatchApp;
			packageProductDependencies = (
			);
			productName = "WeeklyIntentionWatch Watch App";
			productReference = 23CC22CE2F64690B00C3AA73 /* WeeklyIntentionWatchApp.app */;
			productType = "com.apple.product-type.application";
		};
		23CC22E02F64698200C3AA73 /* WeeklyIntentionWatchWidgetExtension */ = {
			isa = PBXNativeTarget;
			buildConfigurationList = 23CC22F02F64698300C3AA73 /* Build configuration list for PBXNativeTarget "WeeklyIntentionWatchWidgetExtension" */;
			buildPhases = (
				23CC22DD2F64698200C3AA73 /* Sources */,
				23CC22DE2F64698200C3AA73 /* Frameworks */,
				23CC22DF2F64698200C3AA73 /* Resources */,
			);
			buildRules = (
			);
			dependencies = (
			);
			fileSystemSynchronizedGroups = (
				23CC22E42F64698200C3AA73 /* WeeklyIntentionWatchWidget */,
			);
			name = WeeklyIntentionWatchWidgetExtension;
			packageProductDependencies = (
			);
			productName = WeeklyIntentionWatchWidgetExtension;
			productReference = 23CC22E12F64698200C3AA73 /* WeeklyIntentionWatchWidgetExtension.appex */;
			productType = "com.apple.product-type.app-extension";
		};
/* End PBXNativeTarget section */

/* Begin PBXProject section */
		2364B9582EFD8C7900C3F912 /* Project object */ = {
			isa = PBXProject;
			attributes = {
				BuildIndependentTargetsInParallel = 1;
				LastSwiftUpdateCheck = 2630;
				LastUpgradeCheck = 2630;
				TargetAttributes = {
					2364B95F2EFD8C7900C3F912 = {
						CreatedOnToolsVersion = 26.2;
					};
					236FE00B2F0D957D003CED2A = {
						CreatedOnToolsVersion = 26.2;
					};
					23CC22CD2F64690B00C3AA73 = {
						CreatedOnToolsVersion = 26.3;
					};
					23CC22E02F64698200C3AA73 = {
						CreatedOnToolsVersion = 26.3;
					};
				};
			};
			buildConfigurationList = 2364B95B2EFD8C7900C3F912 /* Build configuration list for PBXProject "Weekly Intention" */;
			developmentRegion = en;
			hasScannedForEncodings = 0;
			knownRegions = (
				en,
				Base,
			);
			mainGroup = 2364B9572EFD8C7900C3F912;
			minimizedProjectReferenceProxies = 1;
			preferredProjectObjectVersion = 77;
			productRefGroup = 2364B9612EFD8C7900C3F912 /* Products */;
			projectDirPath = "";
			projectRoot = "";
			targets = (
				2364B95F2EFD8C7900C3F912 /* Weekly Intention */,
				236FE00B2F0D957D003CED2A /* WeeklyIntentionWidgetExtension */,
				23CC22CD2F64690B00C3AA73 /* WeeklyIntentionWatchApp */,
				23CC22E02F64698200C3AA73 /* WeeklyIntentionWatchWidgetExtension */,
			);
		};
/* End PBXProject section */

/* Begin PBXResourcesBuildPhase section */
		2364B95E2EFD8C7900C3F912 /* Resources */ = {
			isa = PBXResourcesBuildPhase;
			buildActionMask = 2147483647;
			files = (
			);
			runOnlyForDeploymentPostprocessing = 0;
		};
		236FE00A2F0D957D003CED2A /* Resources */ = {
			isa = PBXResourcesBuildPhase;
			buildActionMask = 2147483647;
			files = (
			);
			runOnlyForDeploymentPostprocessing = 0;
		};
		23CC22CC2F64690B00C3AA73 /* Resources */ = {
			isa = PBXResourcesBuildPhase;
			buildActionMask = 2147483647;
			files = (
			);
			runOnlyForDeploymentPostprocessing = 0;
		};
		23CC22DF2F64698200C3AA73 /* Resources */ = {
			isa = PBXResourcesBuildPhase;
			buildActionMask = 2147483647;
			files = (
			);
			runOnlyForDeploymentPostprocessing = 0;
		};
/* End PBXResourcesBuildPhase section */

/* Begin PBXSourcesBuildPhase section */
		2364B95C2EFD8C7900C3F912 /* Sources */ = {
			isa = PBXSourcesBuildPhase;
			buildActionMask = 2147483647;
			files = (
				236FE0202F0D95D4003CED2A /* WidgetSharedStore.swift in Sources */,
			);
			runOnlyForDeploymentPostprocessing = 0;
		};
		236FE0082F0D957D003CED2A /* Sources */ = {
			isa = PBXSourcesBuildPhase;
			buildActionMask = 2147483647;
			files = (
				236FE0212F0D95EA003CED2A /* WidgetSharedStore.swift in Sources */,
			);
			runOnlyForDeploymentPostprocessing = 0;
		};
		23CC22CA2F64690B00C3AA73 /* Sources */ = {
			isa = PBXSourcesBuildPhase;
			buildActionMask = 2147483647;
			files = (
			);
			runOnlyForDeploymentPostprocessing = 0;
		};
		23CC22DD2F64698200C3AA73 /* Sources */ = {
			isa = PBXSourcesBuildPhase;
			buildActionMask = 2147483647;
			files = (
			);
			runOnlyForDeploymentPostprocessing = 0;
		};
/* End PBXSourcesBuildPhase section */

/* Begin PBXTargetDependency section */
		236FE0182F0D957E003CED2A /* PBXTargetDependency */ = {
			isa = PBXTargetDependency;
			target = 236FE00B2F0D957D003CED2A /* WeeklyIntentionWidgetExtension */;
			targetProxy = 236FE0172F0D957E003CED2A /* PBXContainerItemProxy */;
		};
		23CC22D72F64690D00C3AA73 /* PBXTargetDependency */ = {
			isa = PBXTargetDependency;
			platformFilter = ios;
			target = 23CC22CD2F64690B00C3AA73 /* WeeklyIntentionWatchApp */;
			targetProxy = 23CC22D62F64690D00C3AA73 /* PBXContainerItemProxy */;
		};
		23CC22ED2F64698300C3AA73 /* PBXTargetDependency */ = {
			isa = PBXTargetDependency;
			target = 23CC22E02F64698200C3AA73 /* WeeklyIntentionWatchWidgetExtension */;
			targetProxy = 23CC22EC2F64698300C3AA73 /* PBXContainerItemProxy */;
		};
/* End PBXTargetDependency section */

/* Begin XCBuildConfiguration section */
		2364B9692EFD8C7B00C3F912 /* Debug */ = {
			isa = XCBuildConfiguration;
			buildSettings = {
				ALWAYS_SEARCH_USER_PATHS = NO;
				ASSETCATALOG_COMPILER_GENERATE_SWIFT_ASSET_SYMBOL_EXTENSIONS = YES;
				CLANG_ANALYZER_NONNULL = YES;
				CLANG_ANALYZER_NUMBER_OBJECT_CONVERSION = YES_AGGRESSIVE;
				CLANG_CXX_LANGUAGE_STANDARD = "gnu++20";
				CLANG_ENABLE_MODULES = YES;
				CLANG_ENABLE_OBJC_ARC = YES;
				CLANG_ENABLE_OBJC_WEAK = YES;
				CLANG_WARN_BLOCK_CAPTURE_AUTORELEASING = YES;
				CLANG_WARN_BOOL_CONVERSION = YES;
				CLANG_WARN_COMMA = YES;
				CLANG_WARN_CONSTANT_CONVERSION = YES;
				CLANG_WARN_DEPRECATED_OBJC_IMPLEMENTATIONS = YES;
				CLANG_WARN_DIRECT_OBJC_ISA_USAGE = YES_ERROR;
				CLANG_WARN_DOCUMENTATION_COMMENTS = YES;
				CLANG_WARN_EMPTY_BODY = YES;
				CLANG_WARN_ENUM_CONVERSION = YES;
				CLANG_WARN_INFINITE_RECURSION = YES;
				CLANG_WARN_INT_CONVERSION = YES;
				CLANG_WARN_NON_LITERAL_NULL_CONVERSION = YES;
				CLANG_WARN_OBJC_IMPLICIT_RETAIN_SELF = YES;
				CLANG_WARN_OBJC_LITERAL_CONVERSION = YES;
				CLANG_WARN_OBJC_ROOT_CLASS = YES_ERROR;
				CLANG_WARN_QUOTED_INCLUDE_IN_FRAMEWORK_HEADER = YES;
				CLANG_WARN_RANGE_LOOP_ANALYSIS = YES;
				CLANG_WARN_STRICT_PROTOTYPES = YES;
				CLANG_WARN_SUSPICIOUS_MOVE = YES;
				CLANG_WARN_UNGUARDED_AVAILABILITY = YES_AGGRESSIVE;
				CLANG_WARN_UNREACHABLE_CODE = YES;
				CLANG_WARN__DUPLICATE_METHOD_MATCH = YES;
				COPY_PHASE_STRIP = NO;
				DEAD_CODE_STRIPPING = YES;
				DEBUG_INFORMATION_FORMAT = dwarf;
				DEVELOPMENT_TEAM = 28C774C4SH;
				ENABLE_STRICT_OBJC_MSGSEND = YES;
				ENABLE_TESTABILITY = YES;
				ENABLE_USER_SCRIPT_SANDBOXING = YES;
				GCC_C_LANGUAGE_STANDARD = gnu17;
				GCC_DYNAMIC_NO_PIC = NO;
				GCC_NO_COMMON_BLOCKS = YES;
				GCC_OPTIMIZATION_LEVEL = 0;
				GCC_PREPROCESSOR_DEFINITIONS = (
					"DEBUG=1",
					"$(inherited)",
				);
				GCC_WARN_64_TO_32_BIT_CONVERSION = YES;
				GCC_WARN_ABOUT_RETURN_TYPE = YES_ERROR;
				GCC_WARN_UNDECLARED_SELECTOR = YES;
				GCC_WARN_UNINITIALIZED_AUTOS = YES_AGGRESSIVE;
				GCC_WARN_UNUSED_FUNCTION = YES;
				GCC_WARN_UNUSED_VARIABLE = YES;
				LOCALIZATION_PREFERS_STRING_CATALOGS = YES;
				MTL_ENABLE_DEBUG_INFO = INCLUDE_SOURCE;
				MTL_FAST_MATH = YES;
				ONLY_ACTIVE_ARCH = YES;
				STRING_CATALOG_GENERATE_SYMBOLS = YES;
				SWIFT_ACTIVE_COMPILATION_CONDITIONS = "DEBUG $(inherited)";
				SWIFT_OPTIMIZATION_LEVEL = "-Onone";
			};
			name = Debug;
		};
		2364B96A2EFD8C7B00C3F912 /* Release */ = {
			isa = XCBuildConfiguration;
			buildSettings = {
				ALWAYS_SEARCH_USER_PATHS = NO;
				ASSETCATALOG_COMPILER_GENERATE_SWIFT_ASSET_SYMBOL_EXTENSIONS = YES;
				CLANG_ANALYZER_NONNULL = YES;
				CLANG_ANALYZER_NUMBER_OBJECT_CONVERSION = YES_AGGRESSIVE;
				CLANG_CXX_LANGUAGE_STANDARD = "gnu++20";
				CLANG_ENABLE_MODULES = YES;
				CLANG_ENABLE_OBJC_ARC = YES;
				CLANG_ENABLE_OBJC_WEAK = YES;
				CLANG_WARN_BLOCK_CAPTURE_AUTORELEASING = YES;
				CLANG_WARN_BOOL_CONVERSION = YES;
				CLANG_WARN_COMMA = YES;
				CLANG_WARN_CONSTANT_CONVERSION = YES;
				CLANG_WARN_DEPRECATED_OBJC_IMPLEMENTATIONS = YES;
				CLANG_WARN_DIRECT_OBJC_ISA_USAGE = YES_ERROR;
				CLANG_WARN_DOCUMENTATION_COMMENTS = YES;
				CLANG_WARN_EMPTY_BODY = YES;
				CLANG_WARN_ENUM_CONVERSION = YES;
				CLANG_WARN_INFINITE_RECURSION = YES;
				CLANG_WARN_INT_CONVERSION = YES;
				CLANG_WARN_NON_LITERAL_NULL_CONVERSION = YES;
				CLANG_WARN_OBJC_IMPLICIT_RETAIN_SELF = YES;
				CLANG_WARN_OBJC_LITERAL_CONVERSION = YES;
				CLANG_WARN_OBJC_ROOT_CLASS = YES_ERROR;
				CLANG_WARN_QUOTED_INCLUDE_IN_FRAMEWORK_HEADER = YES;
				CLANG_WARN_RANGE_LOOP_ANALYSIS = YES;
				CLANG_WARN_STRICT_PROTOTYPES = YES;
				CLANG_WARN_SUSPICIOUS_MOVE = YES;
				CLANG_WARN_UNGUARDED_AVAILABILITY = YES_AGGRESSIVE;
				CLANG_WARN_UNREACHABLE_CODE = YES;
				CLANG_WARN__DUPLICATE_METHOD_MATCH = YES;
				COPY_PHASE_STRIP = NO;
				DEAD_CODE_STRIPPING = YES;
				DEBUG_INFORMATION_FORMAT = "dwarf-with-dsym";
				DEVELOPMENT_TEAM = 28C774C4SH;
				ENABLE_NS_ASSERTIONS = NO;
				ENABLE_STRICT_OBJC_MSGSEND = YES;
				ENABLE_USER_SCRIPT_SANDBOXING = YES;
				GCC_C_LANGUAGE_STANDARD = gnu17;
				GCC_NO_COMMON_BLOCKS = YES;
				GCC_WARN_64_TO_32_BIT_CONVERSION = YES;
				GCC_WARN_ABOUT_RETURN_TYPE = YES_ERROR;
				GCC_WARN_UNDECLARED_SELECTOR = YES;
				GCC_WARN_UNINITIALIZED_AUTOS = YES_AGGRESSIVE;
				GCC_WARN_UNUSED_FUNCTION = YES;
				GCC_WARN_UNUSED_VARIABLE = YES;
				LOCALIZATION_PREFERS_STRING_CATALOGS = YES;
				MTL_ENABLE_DEBUG_INFO = NO;
				MTL_FAST_MATH = YES;
				STRING_CATALOG_GENERATE_SYMBOLS = YES;
				SWIFT_COMPILATION_MODE = wholemodule;
			};
			name = Release;
		};
		2364B96C2EFD8C7B00C3F912 /* Debug */ = {
			isa = XCBuildConfiguration;
			buildSettings = {
				ASSETCATALOG_COMPILER_APPICON_NAME = AppIcon;
				ASSETCATALOG_COMPILER_GLOBAL_ACCENT_COLOR_NAME = AccentColor;
				CODE_SIGN_ENTITLEMENTS = "Weekly Intention/Weekly Intention.entitlements";
				CODE_SIGN_STYLE = Automatic;
				CURRENT_PROJECT_VERSION = 1;
				DEAD_CODE_STRIPPING = YES;
				DEVELOPMENT_TEAM = 28C774C4SH;
				ENABLE_APP_SANDBOX = YES;
				ENABLE_HARDENED_RUNTIME = YES;
				ENABLE_PREVIEWS = YES;
				ENABLE_USER_SELECTED_FILES = readonly;
				GENERATE_INFOPLIST_FILE = YES;
				INFOPLIST_FILE = "Weekly-Intention-Info.plist";
				"INFOPLIST_KEY_UIApplicationSceneManifest_Generation[sdk=iphoneos*]" = YES;
				"INFOPLIST_KEY_UIApplicationSceneManifest_Generation[sdk=iphonesimulator*]" = YES;
				"INFOPLIST_KEY_UIApplicationSupportsIndirectInputEvents[sdk=iphoneos*]" = YES;
				"INFOPLIST_KEY_UIApplicationSupportsIndirectInputEvents[sdk=iphonesimulator*]" = YES;
				"INFOPLIST_KEY_UILaunchScreen_Generation[sdk=iphoneos*]" = YES;
				"INFOPLIST_KEY_UILaunchScreen_Generation[sdk=iphonesimulator*]" = YES;
				"INFOPLIST_KEY_UIStatusBarStyle[sdk=iphoneos*]" = UIStatusBarStyleDefault;
				"INFOPLIST_KEY_UIStatusBarStyle[sdk=iphonesimulator*]" = UIStatusBarStyleDefault;
				INFOPLIST_KEY_UISupportedInterfaceOrientations_iPad = "UIInterfaceOrientationPortrait UIInterfaceOrientationPortraitUpsideDown UIInterfaceOrientationLandscapeLeft UIInterfaceOrientationLandscapeRight";
				INFOPLIST_KEY_UISupportedInterfaceOrientations_iPhone = "UIInterfaceOrientationPortrait UIInterfaceOrientationLandscapeLeft UIInterfaceOrientationLandscapeRight";
				IPHONEOS_DEPLOYMENT_TARGET = 26.2;
				LD_RUNPATH_SEARCH_PATHS = "@executable_path/Frameworks";
				"LD_RUNPATH_SEARCH_PATHS[sdk=macosx*]" = "@executable_path/../Frameworks";
				MACOSX_DEPLOYMENT_TARGET = 26.2;
				MARKETING_VERSION = 1.0;
				PRODUCT_BUNDLE_IDENTIFIER = "uweb.Weekly-Intention";
				PRODUCT_NAME = "$(TARGET_NAME)";
				REGISTER_APP_GROUPS = YES;
				SDKROOT = auto;
				STRING_CATALOG_GENERATE_SYMBOLS = YES;
				SUPPORTED_PLATFORMS = "iphoneos iphonesimulator macosx xros xrsimulator";
				SWIFT_APPROACHABLE_CONCURRENCY = YES;
				SWIFT_DEFAULT_ACTOR_ISOLATION = MainActor;
				SWIFT_EMIT_LOC_STRINGS = YES;
				SWIFT_UPCOMING_FEATURE_MEMBER_IMPORT_VISIBILITY = YES;
				SWIFT_VERSION = 5.0;
				TARGETED_DEVICE_FAMILY = "1,2,7";
				XROS_DEPLOYMENT_TARGET = 26.2;
			};
			name = Debug;
		};
		2364B96D2EFD8C7B00C3F912 /* Release */ = {
			isa = XCBuildConfiguration;
			buildSettings = {
				ASSETCATALOG_COMPILER_APPICON_NAME = AppIcon;
				ASSETCATALOG_COMPILER_GLOBAL_ACCENT_COLOR_NAME = AccentColor;
				CODE_SIGN_ENTITLEMENTS = "Weekly Intention/Weekly Intention.entitlements";
				CODE_SIGN_STYLE = Automatic;
				CURRENT_PROJECT_VERSION = 1;
				DEAD_CODE_STRIPPING = YES;
				DEVELOPMENT_TEAM = 28C774C4SH;
				ENABLE_APP_SANDBOX = YES;
				ENABLE_HARDENED_RUNTIME = YES;
				ENABLE_PREVIEWS = YES;
				ENABLE_USER_SELECTED_FILES = readonly;
				GENERATE_INFOPLIST_FILE = YES;
				INFOPLIST_FILE = "Weekly-Intention-Info.plist";
				"INFOPLIST_KEY_UIApplicationSceneManifest_Generation[sdk=iphoneos*]" = YES;
				"INFOPLIST_KEY_UIApplicationSceneManifest_Generation[sdk=iphonesimulator*]" = YES;
				"INFOPLIST_KEY_UIApplicationSupportsIndirectInputEvents[sdk=iphoneos*]" = YES;
				"INFOPLIST_KEY_UIApplicationSupportsIndirectInputEvents[sdk=iphonesimulator*]" = YES;
				"INFOPLIST_KEY_UILaunchScreen_Generation[sdk=iphoneos*]" = YES;
				"INFOPLIST_KEY_UILaunchScreen_Generation[sdk=iphonesimulator*]" = YES;
				"INFOPLIST_KEY_UIStatusBarStyle[sdk=iphoneos*]" = UIStatusBarStyleDefault;
				"INFOPLIST_KEY_UIStatusBarStyle[sdk=iphonesimulator*]" = UIStatusBarStyleDefault;
				INFOPLIST_KEY_UISupportedInterfaceOrientations_iPad = "UIInterfaceOrientationPortrait UIInterfaceOrientationPortraitUpsideDown UIInterfaceOrientationLandscapeLeft UIInterfaceOrientationLandscapeRight";
				INFOPLIST_KEY_UISupportedInterfaceOrientations_iPhone = "UIInterfaceOrientationPortrait UIInterfaceOrientationLandscapeLeft UIInterfaceOrientationLandscapeRight";
				IPHONEOS_DEPLOYMENT_TARGET = 26.2;
				LD_RUNPATH_SEARCH_PATHS = "@executable_path/Frameworks";
				"LD_RUNPATH_SEARCH_PATHS[sdk=macosx*]" = "@executable_path/../Frameworks";
				MACOSX_DEPLOYMENT_TARGET = 26.2;
				MARKETING_VERSION = 1.0;
				PRODUCT_BUNDLE_IDENTIFIER = "uweb.Weekly-Intention";
				PRODUCT_NAME = "$(TARGET_NAME)";
				REGISTER_APP_GROUPS = YES;
				SDKROOT = auto;
				STRING_CATALOG_GENERATE_SYMBOLS = YES;
				SUPPORTED_PLATFORMS = "iphoneos iphonesimulator macosx xros xrsimulator";
				SWIFT_APPROACHABLE_CONCURRENCY = YES;
				SWIFT_DEFAULT_ACTOR_ISOLATION = MainActor;
				SWIFT_EMIT_LOC_STRINGS = YES;
				SWIFT_UPCOMING_FEATURE_MEMBER_IMPORT_VISIBILITY = YES;
				SWIFT_VERSION = 5.0;
				TARGETED_DEVICE_FAMILY = "1,2,7";
				XROS_DEPLOYMENT_TARGET = 26.2;
			};
			name = Release;
		};
		236FE01A2F0D957E003CED2A /* Debug */ = {
			isa = XCBuildConfiguration;
			buildSettings = {
				ASSETCATALOG_COMPILER_GLOBAL_ACCENT_COLOR_NAME = AccentColor;
				ASSETCATALOG_COMPILER_WIDGET_BACKGROUND_COLOR_NAME = WidgetBackground;
				CODE_SIGN_ENTITLEMENTS = WeeklyIntentionWidgetExtension.entitlements;
				CODE_SIGN_STYLE = Automatic;
				CURRENT_PROJECT_VERSION = 1;
				DEAD_CODE_STRIPPING = YES;
				DEVELOPMENT_TEAM = 28C774C4SH;
				ENABLE_APP_SANDBOX = YES;
				ENABLE_HARDENED_RUNTIME = YES;
				GENERATE_INFOPLIST_FILE = YES;
				INFOPLIST_FILE = WeeklyIntentionWidget/Info.plist;
				INFOPLIST_KEY_CFBundleDisplayName = WeeklyIntentionWidget;
				INFOPLIST_KEY_NSHumanReadableCopyright = "";
				IPHONEOS_DEPLOYMENT_TARGET = 26.2;
				LD_RUNPATH_SEARCH_PATHS = (
					"$(inherited)",
					"@executable_path/Frameworks",
					"@executable_path/../../Frameworks",
				);
				"LD_RUNPATH_SEARCH_PATHS[sdk=macosx*]" = (
					"$(inherited)",
					"@executable_path/../Frameworks",
					"@executable_path/../../../../Frameworks",
				);
				MACOSX_DEPLOYMENT_TARGET = 26.2;
				MARKETING_VERSION = 1.0;
				PRODUCT_BUNDLE_IDENTIFIER = "uweb.Weekly-Intention.WeeklyIntentionWidget";
				PRODUCT_NAME = "$(TARGET_NAME)";
				REGISTER_APP_GROUPS = YES;
				SDKROOT = auto;
				SKIP_INSTALL = YES;
				STRING_CATALOG_GENERATE_SYMBOLS = YES;
				SUPPORTED_PLATFORMS = "iphoneos iphonesimulator macosx xros xrsimulator";
				SWIFT_APPROACHABLE_CONCURRENCY = YES;
				SWIFT_EMIT_LOC_STRINGS = YES;
				SWIFT_UPCOMING_FEATURE_MEMBER_IMPORT_VISIBILITY = YES;
				SWIFT_VERSION = 5.0;
				TARGETED_DEVICE_FAMILY = "1,2,7";
				XROS_DEPLOYMENT_TARGET = 26.2;
			};
			name = Debug;
		};
		236FE01B2F0D957E003CED2A /* Release */ = {
			isa = XCBuildConfiguration;
			buildSettings = {
				ASSETCATALOG_COMPILER_GLOBAL_ACCENT_COLOR_NAME = AccentColor;
				ASSETCATALOG_COMPILER_WIDGET_BACKGROUND_COLOR_NAME = WidgetBackground;
				CODE_SIGN_ENTITLEMENTS = WeeklyIntentionWidgetExtension.entitlements;
				CODE_SIGN_STYLE = Automatic;
				CURRENT_PROJECT_VERSION = 1;
				DEAD_CODE_STRIPPING = YES;
				DEVELOPMENT_TEAM = 28C774C4SH;
				ENABLE_APP_SANDBOX = YES;
				ENABLE_HARDENED_RUNTIME = YES;
				GENERATE_INFOPLIST_FILE = YES;
				INFOPLIST_FILE = WeeklyIntentionWidget/Info.plist;
				INFOPLIST_KEY_CFBundleDisplayName = WeeklyIntentionWidget;
				INFOPLIST_KEY_NSHumanReadableCopyright = "";
				IPHONEOS_DEPLOYMENT_TARGET = 26.2;
				LD_RUNPATH_SEARCH_PATHS = (
					"$(inherited)",
					"@executable_path/Frameworks",
					"@executable_path/../../Frameworks",
				);
				"LD_RUNPATH_SEARCH_PATHS[sdk=macosx*]" = (
					"$(inherited)",
					"@executable_path/../Frameworks",
					"@executable_path/../../../../Frameworks",
				);
				MACOSX_DEPLOYMENT_TARGET = 26.2;
				MARKETING_VERSION = 1.0;
				PRODUCT_BUNDLE_IDENTIFIER = "uweb.Weekly-Intention.WeeklyIntentionWidget";
				PRODUCT_NAME = "$(TARGET_NAME)";
				REGISTER_APP_GROUPS = YES;
				SDKROOT = auto;
				SKIP_INSTALL = YES;
				STRING_CATALOG_GENERATE_SYMBOLS = YES;
				SUPPORTED_PLATFORMS = "iphoneos iphonesimulator macosx xros xrsimulator";
				SWIFT_APPROACHABLE_CONCURRENCY = YES;
				SWIFT_EMIT_LOC_STRINGS = YES;
				SWIFT_UPCOMING_FEATURE_MEMBER_IMPORT_VISIBILITY = YES;
				SWIFT_VERSION = 5.0;
				TARGETED_DEVICE_FAMILY = "1,2,7";
				XROS_DEPLOYMENT_TARGET = 26.2;
			};
			name = Release;
		};
		23CC22DA2F64690D00C3AA73 /* Debug */ = {
			isa = XCBuildConfiguration;
			buildSettings = {
				ASSETCATALOG_COMPILER_APPICON_NAME = AppIcon;
				ASSETCATALOG_COMPILER_GLOBAL_ACCENT_COLOR_NAME = AccentColor;
				CODE_SIGN_ENTITLEMENTS = "WeeklyIntentionWatchApp/WeeklyIntentionWatchApp.entitlements";
				CODE_SIGN_STYLE = Automatic;
				CURRENT_PROJECT_VERSION = 1;
				DEVELOPMENT_TEAM = 28C774C4SH;
				ENABLE_PREVIEWS = YES;
				GENERATE_INFOPLIST_FILE = YES;
				INFOPLIST_KEY_CFBundleDisplayName = "Weekly Intention";
				INFOPLIST_KEY_UISupportedInterfaceOrientations = "UIInterfaceOrientationPortrait UIInterfaceOrientationPortraitUpsideDown";
				INFOPLIST_KEY_WKCompanionAppBundleIdentifier = "uweb.Weekly-Intention";
				LD_RUNPATH_SEARCH_PATHS = (
					"$(inherited)",
					"@executable_path/Frameworks",
				);
				MARKETING_VERSION = 1.0;
				PRODUCT_BUNDLE_IDENTIFIER = "uweb.Weekly-Intention.watchkitapp";
				PRODUCT_NAME = "$(TARGET_NAME)";
				SDKROOT = watchos;
				SKIP_INSTALL = YES;
				STRING_CATALOG_GENERATE_SYMBOLS = YES;
				SWIFT_APPROACHABLE_CONCURRENCY = YES;
				SWIFT_DEFAULT_ACTOR_ISOLATION = MainActor;
				SWIFT_EMIT_LOC_STRINGS = YES;
				SWIFT_UPCOMING_FEATURE_MEMBER_IMPORT_VISIBILITY = YES;
				SWIFT_VERSION = 5.0;
				TARGETED_DEVICE_FAMILY = 4;
				WATCHOS_DEPLOYMENT_TARGET = 26.2;
			};
			name = Debug;
		};
		23CC22DB2F64690D00C3AA73 /* Release */ = {
			isa = XCBuildConfiguration;
			buildSettings = {
				ASSETCATALOG_COMPILER_APPICON_NAME = AppIcon;
				ASSETCATALOG_COMPILER_GLOBAL_ACCENT_COLOR_NAME = AccentColor;
				CODE_SIGN_ENTITLEMENTS = "WeeklyIntentionWatchApp/WeeklyIntentionWatchApp.entitlements";
				CODE_SIGN_STYLE = Automatic;
				CURRENT_PROJECT_VERSION = 1;
				DEVELOPMENT_TEAM = 28C774C4SH;
				ENABLE_PREVIEWS = YES;
				GENERATE_INFOPLIST_FILE = YES;
				INFOPLIST_KEY_CFBundleDisplayName = "Weekly Intention";
				INFOPLIST_KEY_UISupportedInterfaceOrientations = "UIInterfaceOrientationPortrait UIInterfaceOrientationPortraitUpsideDown";
				INFOPLIST_KEY_WKCompanionAppBundleIdentifier = "uweb.Weekly-Intention";
				LD_RUNPATH_SEARCH_PATHS = (
					"$(inherited)",
					"@executable_path/Frameworks",
				);
				MARKETING_VERSION = 1.0;
				PRODUCT_BUNDLE_IDENTIFIER = "uweb.Weekly-Intention.watchkitapp";
				PRODUCT_NAME = "$(TARGET_NAME)";
				SDKROOT = watchos;
				SKIP_INSTALL = YES;
				STRING_CATALOG_GENERATE_SYMBOLS = YES;
				SWIFT_APPROACHABLE_CONCURRENCY = YES;
				SWIFT_DEFAULT_ACTOR_ISOLATION = MainActor;
				SWIFT_EMIT_LOC_STRINGS = YES;
				SWIFT_UPCOMING_FEATURE_MEMBER_IMPORT_VISIBILITY = YES;
				SWIFT_VERSION = 5.0;
				TARGETED_DEVICE_FAMILY = 4;
				VALIDATE_PRODUCT = YES;
				WATCHOS_DEPLOYMENT_TARGET = 26.2;
			};
			name = Release;
		};
		23CC22F12F64698300C3AA73 /* Debug */ = {
			isa = XCBuildConfiguration;
			buildSettings = {
				ASSETCATALOG_COMPILER_GLOBAL_ACCENT_COLOR_NAME = AccentColor;
				ASSETCATALOG_COMPILER_WIDGET_BACKGROUND_COLOR_NAME = WidgetBackground;
				CODE_SIGN_ENTITLEMENTS = WeeklyIntentionWatchWidgetExtension.entitlements;
				CODE_SIGN_STYLE = Automatic;
				CURRENT_PROJECT_VERSION = 1;
				DEVELOPMENT_TEAM = 28C774C4SH;
				GENERATE_INFOPLIST_FILE = YES;
				INFOPLIST_FILE = WeeklyIntentionWatchWidget/Info.plist;
				INFOPLIST_KEY_CFBundleDisplayName = "Weekly Intention";
				INFOPLIST_KEY_NSHumanReadableCopyright = "";
				LD_RUNPATH_SEARCH_PATHS = (
					"$(inherited)",
					"@executable_path/Frameworks",
					"@executable_path/../../Frameworks",
					"@executable_path/../../../../Frameworks",
				);
				MARKETING_VERSION = 1.0;
				PRODUCT_BUNDLE_IDENTIFIER = "uweb.Weekly-Intention.watchkitapp.WeeklyIntentionWatchWidget";
				PRODUCT_NAME = "$(TARGET_NAME)";
				SDKROOT = watchos;
				SKIP_INSTALL = YES;
				STRING_CATALOG_GENERATE_SYMBOLS = YES;
				SWIFT_APPROACHABLE_CONCURRENCY = YES;
				SWIFT_EMIT_LOC_STRINGS = YES;
				SWIFT_UPCOMING_FEATURE_MEMBER_IMPORT_VISIBILITY = YES;
				SWIFT_VERSION = 5.0;
				TARGETED_DEVICE_FAMILY = 4;
				WATCHOS_DEPLOYMENT_TARGET = 26.2;
			};
			name = Debug;
		};
		23CC22F22F64698300C3AA73 /* Release */ = {
			isa = XCBuildConfiguration;
			buildSettings = {
				ASSETCATALOG_COMPILER_GLOBAL_ACCENT_COLOR_NAME = AccentColor;
				ASSETCATALOG_COMPILER_WIDGET_BACKGROUND_COLOR_NAME = WidgetBackground;
				CODE_SIGN_ENTITLEMENTS = WeeklyIntentionWatchWidgetExtension.entitlements;
				CODE_SIGN_STYLE = Automatic;
				CURRENT_PROJECT_VERSION = 1;
				DEVELOPMENT_TEAM = 28C774C4SH;
				GENERATE_INFOPLIST_FILE = YES;
				INFOPLIST_FILE = WeeklyIntentionWatchWidget/Info.plist;
				INFOPLIST_KEY_CFBundleDisplayName = "Weekly Intention";
				INFOPLIST_KEY_NSHumanReadableCopyright = "";
				LD_RUNPATH_SEARCH_PATHS = (
					"$(inherited)",
					"@executable_path/Frameworks",
					"@executable_path/../../Frameworks",
					"@executable_path/../../../../Frameworks",
				);
				MARKETING_VERSION = 1.0;
				PRODUCT_BUNDLE_IDENTIFIER = "uweb.Weekly-Intention.watchkitapp.WeeklyIntentionWatchWidget";
				PRODUCT_NAME = "$(TARGET_NAME)";
				SDKROOT = watchos;
				SKIP_INSTALL = YES;
				STRING_CATALOG_GENERATE_SYMBOLS = YES;
				SWIFT_APPROACHABLE_CONCURRENCY = YES;
				SWIFT_EMIT_LOC_STRINGS = YES;
				SWIFT_UPCOMING_FEATURE_MEMBER_IMPORT_VISIBILITY = YES;
				SWIFT_VERSION = 5.0;
				TARGETED_DEVICE_FAMILY = 4;
				VALIDATE_PRODUCT = YES;
				WATCHOS_DEPLOYMENT_TARGET = 26.2;
			};
			name = Release;
		};
/* End XCBuildConfiguration section */

/* Begin XCConfigurationList section */
		2364B95B2EFD8C7900C3F912 /* Build configuration list for PBXProject "Weekly Intention" */ = {
			isa = XCConfigurationList;
			buildConfigurations = (
				2364B9692EFD8C7B00C3F912 /* Debug */,
				2364B96A2EFD8C7B00C3F912 /* Release */,
			);
			defaultConfigurationIsVisible = 0;
			defaultConfigurationName = Release;
		};
		2364B96B2EFD8C7B00C3F912 /* Build configuration list for PBXNativeTarget "Weekly Intention" */ = {
			isa = XCConfigurationList;
			buildConfigurations = (
				2364B96C2EFD8C7B00C3F912 /* Debug */,
				2364B96D2EFD8C7B00C3F912 /* Release */,
			);
			defaultConfigurationIsVisible = 0;
			defaultConfigurationName = Release;
		};
		236FE01D2F0D957E003CED2A /* Build configuration list for PBXNativeTarget "WeeklyIntentionWidgetExtension" */ = {
			isa = XCConfigurationList;
			buildConfigurations = (
				236FE01A2F0D957E003CED2A /* Debug */,
				236FE01B2F0D957E003CED2A /* Release */,
			);
			defaultConfigurationIsVisible = 0;
			defaultConfigurationName = Release;
		};
		23CC22D92F64690D00C3AA73 /* Build configuration list for PBXNativeTarget "WeeklyIntentionWatchApp" */ = {
			isa = XCConfigurationList;
			buildConfigurations = (
				23CC22DA2F64690D00C3AA73 /* Debug */,
				23CC22DB2F64690D00C3AA73 /* Release */,
			);
			defaultConfigurationIsVisible = 0;
			defaultConfigurationName = Release;
		};
		23CC22F02F64698300C3AA73 /* Build configuration list for PBXNativeTarget "WeeklyIntentionWatchWidgetExtension" */ = {
			isa = XCConfigurationList;
			buildConfigurations = (
				23CC22F12F64698300C3AA73 /* Debug */,
				23CC22F22F64698300C3AA73 /* Release */,
			);
			defaultConfigurationIsVisible = 0;
			defaultConfigurationName = Release;
		};
/* End XCConfigurationList section */
	};
	rootObject = 2364B9582EFD8C7900C3F912 /* Project object */;
}
